
Microsoft Visual Studio Solution File, Format Version 12.00
# Visual Studio Version 17
VisualStudioVersion = 17.0.31919.166
MinimumVisualStudioVersion = 10.0.40219.1
Project("{9A19103F-16F7-4668-BE54-9A1E7A4F7556}") = "CsgoAntiCheatDudu", "CsgoAntiCheatDudu\CsgoAntiCheatDudu.csproj", "{0C641377-A79E-4629-8440-BEC240DAB2E2}"
EndProject
Project("{FAE04EC0-301F-11D3-BF4B-00C04F79EFBC}") = "WorkerAntixiter", "WorkerAntixiter\WorkerAntixiter.csproj", "{48459281-5373-4153-BA60-1954E1951596}"
EndProject
Global
	GlobalSection(SolutionConfigurationPlatforms) = preSolution
		Debug|Any CPU = Debug|Any CPU
		Release|Any CPU = Release|Any CPU
	EndGlobalSection
	GlobalSection(ProjectConfigurationPlatforms) = postSolution
		{0C641377-A79E-4629-8440-BEC240DAB2E2}.Debug|Any CPU.ActiveCfg = Debug|Any CPU
		{0C641377-A79E-4629-8440-BEC240DAB2E2}.Debug|Any CPU.Build.0 = Debug|Any CPU
		{0C641377-A79E-4629-8440-BEC240DAB2E2}.Release|Any CPU.ActiveCfg = Release|Any CPU
		{0C641377-A79E-4629-8440-BEC240DAB2E2}.Release|Any CPU.Build.0 = Release|Any CPU
		{48459281-5373-4153-BA60-1954E1951596}.Debug|Any CPU.ActiveCfg = Debug|Any CPU
		{48459281-5373-4153-BA60-1954E1951596}.Debug|Any CPU.Build.0 = Debug|Any CPU
		{48459281-5373-4153-BA60-1954E1951596}.Release|Any CPU.ActiveCfg = Release|Any CPU
		{48459281-5373-4153-BA60-1954E1951596}.Release|Any CPU.Build.0 = Release|Any CPU
	EndGlobalSection
	GlobalSection(SolutionProperties) = preSolution
		HideSolutionNode = FALSE
	EndGlobalSection
	GlobalSection(ExtensibilityGlobals) = postSolution
		SolutionGuid = {C601B6DB-244D-4BB0-B810-6C883D5A2244}
	EndGlobalSection
EndGlobal
